
Microsoft Visual Studio Solution File, Format Version 12.00
# Visual Studio Version 16
VisualStudioVersion = 16.0.30330.147
MinimumVisualStudioVersion = 10.0.40219.1
Project("{FAE04EC0-301F-11D3-BF4B-00C04F79EFBC}") = "MVC.DownloadFileAjaxjQuery", "MVC.DownloadFileAjaxjQuery\MVC.DownloadFileAjaxjQuery.csproj", "{A1360ECD-47C5-48C6-AF8C-F10C6F312A8A}"
EndProject
Global
	GlobalSection(SolutionConfigurationPlatforms) = preSolution
		Debug|Any CPU = Debug|Any CPU
		Release|Any CPU = Release|Any CPU
	EndGlobalSection
	GlobalSection(ProjectConfigurationPlatforms) = postSolution
		{A1360ECD-47C5-48C6-AF8C-F10C6F312A8A}.Debug|Any CPU.ActiveCfg = Debug|Any CPU
		{A1360ECD-47C5-48C6-AF8C-F10C6F312A8A}.Debug|Any CPU.Build.0 = Debug|Any CPU
		{A1360ECD-47C5-48C6-AF8C-F10C6F312A8A}.Release|Any CPU.ActiveCfg = Release|Any CPU
		{A1360ECD-47C5-48C6-AF8C-F10C6F312A8A}.Release|Any CPU.Build.0 = Release|Any CPU
	EndGlobalSection
	GlobalSection(SolutionProperties) = preSolution
		HideSolutionNode = FALSE
	EndGlobalSection
	GlobalSection(ExtensibilityGlobals) = postSolution
		SolutionGuid = {62E12D15-99AF-45EE-9D05-F9B3CB3D95BF}
	EndGlobalSection
EndGlobal
